
Microsoft Visual Studio Solution File, Format Version 12.00
# Visual Studio 15
VisualStudioVersion = 15.0.27428.2037
MinimumVisualStudioVersion = 10.0.40219.1
Project("{F184B08F-C81C-45F6-A57F-5ABD9991F28F}") = "HelloWorld001", "HelloWorld001\HelloWorld001.vbproj", "{4F73FEDB-260B-4EF1-97A3-D572A847E267}"
EndProject
Global
	GlobalSection(SolutionConfigurationPlatforms) = preSolution
		Debug|Any CPU = Debug|Any CPU
		Release|Any CPU = Release|Any CPU
	EndGlobalSection
	GlobalSection(ProjectConfigurationPlatforms) = postSolution
		{4F73FEDB-260B-4EF1-97A3-D572A847E267}.Debug|Any CPU.ActiveCfg = Debug|Any CPU
		{4F73FEDB-260B-4EF1-97A3-D572A847E267}.Debug|Any CPU.Build.0 = Debug|Any CPU
		{4F73FEDB-260B-4EF1-97A3-D572A847E267}.Release|Any CPU.ActiveCfg = Release|Any CPU
		{4F73FEDB-260B-4EF1-97A3-D572A847E267}.Release|Any CPU.Build.0 = Release|Any CPU
	EndGlobalSection
	GlobalSection(SolutionProperties) = preSolution
		HideSolutionNode = FALSE
	EndGlobalSection
	GlobalSection(ExtensibilityGlobals) = postSolution
		SolutionGuid = {B23FA3C4-2635-4125-816D-E45933B42B76}
	EndGlobalSection
EndGlobal
